
Microsoft Visual Studio Solution File, Format Version 12.00
# Visual Studio Version 17
VisualStudioVersion = 17.0.31903.59
MinimumVisualStudioVersion = 10.0.40219.1
Project("{2150E333-8FDC-42A3-9474-1A3956D46DE8}") = "src", "src", "{827E0CD3-B72D-47B6-A68D-7590B98EB39B}"
EndProject
Project("{FAE04EC0-301F-11D3-BF4B-00C04F79EFBC}") = "Api", "src\Api\Api.csproj", "{A3FE38ED-05B3-41D4-BAF5-F0618B984637}"
EndProject
Project("{FAE04EC0-301F-11D3-BF4B-00C04F79EFBC}") = "Application", "src\Application\Application.csproj", "{C319841B-C021-4519-BFDD-563B20E4C236}"
EndProject
Project("{FAE04EC0-301F-11D3-BF4B-00C04F79EFBC}") = "Domain", "src\Domain\Domain.csproj", "{37F632C0-165F-414A-A8E2-C044F4688061}"
EndProject
Project("{FAE04EC0-301F-11D3-BF4B-00C04F79EFBC}") = "Infrastructure", "src\Infrastructure\Infrastructure.csproj", "{4378E6DD-2254-4050-A191-8EA0D449FAEC}"
EndProject
Global
	GlobalSection(SolutionConfigurationPlatforms) = preSolution
		Debug|Any CPU = Debug|Any CPU
		Debug|x64 = Debug|x64
		Debug|x86 = Debug|x86
		Release|Any CPU = Release|Any CPU
		Release|x64 = Release|x64
		Release|x86 = Release|x86
	EndGlobalSection
	GlobalSection(ProjectConfigurationPlatforms) = postSolution
		{A3FE38ED-05B3-41D4-BAF5-F0618B984637}.Debug|Any CPU.ActiveCfg = Debug|Any CPU
		{A3FE38ED-05B3-41D4-BAF5-F0618B984637}.Debug|Any CPU.Build.0 = Debug|Any CPU
		{A3FE38ED-05B3-41D4-BAF5-F0618B984637}.Debug|x64.ActiveCfg = Debug|Any CPU
		{A3FE38ED-05B3-41D4-BAF5-F0618B984637}.Debug|x64.Build.0 = Debug|Any CPU
		{A3FE38ED-05B3-41D4-BAF5-F0618B984637}.Debug|x86.ActiveCfg = Debug|Any CPU
		{A3FE38ED-05B3-41D4-BAF5-F0618B984637}.Debug|x86.Build.0 = Debug|Any CPU
		{A3FE38ED-05B3-41D4-BAF5-F0618B984637}.Release|Any CPU.ActiveCfg = Release|Any CPU
		{A3FE38ED-05B3-41D4-BAF5-F0618B984637}.Release|Any CPU.Build.0 = Release|Any CPU
		{A3FE38ED-05B3-41D4-BAF5-F0618B984637}.Release|x64.ActiveCfg = Release|Any CPU
		{A3FE38ED-05B3-41D4-BAF5-F0618B984637}.Release|x64.Build.0 = Release|Any CPU
		{A3FE38ED-05B3-41D4-BAF5-F0618B984637}.Release|x86.ActiveCfg = Release|Any CPU
		{A3FE38ED-05B3-41D4-BAF5-F0618B984637}.Release|x86.Build.0 = Release|Any CPU
		{C319841B-C021-4519-BFDD-563B20E4C236}.Debug|Any CPU.ActiveCfg = Debug|Any CPU
		{C319841B-C021-4519-BFDD-563B20E4C236}.Debug|Any CPU.Build.0 = Debug|Any CPU
		{C319841B-C021-4519-BFDD-563B20E4C236}.Debug|x64.ActiveCfg = Debug|Any CPU
		{C319841B-C021-4519-BFDD-563B20E4C236}.Debug|x64.Build.0 = Debug|Any CPU
		{C319841B-C021-4519-BFDD-563B20E4C236}.Debug|x86.ActiveCfg = Debug|Any CPU
		{C319841B-C021-4519-BFDD-563B20E4C236}.Debug|x86.Build.0 = Debug|Any CPU
		{C319841B-C021-4519-BFDD-563B20E4C236}.Release|Any CPU.ActiveCfg = Release|Any CPU
		{C319841B-C021-4519-BFDD-563B20E4C236}.Release|Any CPU.Build.0 = Release|Any CPU
		{C319841B-C021-4519-BFDD-563B20E4C236}.Release|x64.ActiveCfg = Release|Any CPU
		{C319841B-C021-4519-BFDD-563B20E4C236}.Release|x64.Build.0 = Release|Any CPU
		{C319841B-C021-4519-BFDD-563B20E4C236}.Release|x86.ActiveCfg = Release|Any CPU
		{C319841B-C021-4519-BFDD-563B20E4C236}.Release|x86.Build.0 = Release|Any CPU
		{37F632C0-165F-414A-A8E2-C044F4688061}.Debug|Any CPU.ActiveCfg = Debug|Any CPU
		{37F632C0-165F-414A-A8E2-C044F4688061}.Debug|Any CPU.Build.0 = Debug|Any CPU
		{37F632C0-165F-414A-A8E2-C044F4688061}.Debug|x64.ActiveCfg = Debug|Any CPU
		{37F632C0-165F-414A-A8E2-C044F4688061}.Debug|x64.Build.0 = Debug|Any CPU
		{37F632C0-165F-414A-A8E2-C044F4688061}.Debug|x86.ActiveCfg = Debug|Any CPU
		{37F632C0-165F-414A-A8E2-C044F4688061}.Debug|x86.Build.0 = Debug|Any CPU
		{37F632C0-165F-414A-A8E2-C044F4688061}.Release|Any CPU.ActiveCfg = Release|Any CPU
		{37F632C0-165F-414A-A8E2-C044F4688061}.Release|Any CPU.Build.0 = Release|Any CPU
		{37F632C0-165F-414A-A8E2-C044F4688061}.Release|x64.ActiveCfg = Release|Any CPU
		{37F632C0-165F-414A-A8E2-C044F4688061}.Release|x64.Build.0 = Release|Any CPU
		{37F632C0-165F-414A-A8E2-C044F4688061}.Release|x86.ActiveCfg = Release|Any CPU
		{37F632C0-165F-414A-A8E2-C044F4688061}.Release|x86.Build.0 = Release|Any CPU
		{4378E6DD-2254-4050-A191-8EA0D449FAEC}.Debug|Any CPU.ActiveCfg = Debug|Any CPU
		{4378E6DD-2254-4050-A191-8EA0D449FAEC}.Debug|Any CPU.Build.0 = Debug|Any CPU
		{4378E6DD-2254-4050-A191-8EA0D449FAEC}.Debug|x64.ActiveCfg = Debug|Any CPU
		{4378E6DD-2254-4050-A191-8EA0D449FAEC}.Debug|x64.Build.0 = Debug|Any CPU
		{4378E6DD-2254-4050-A191-8EA0D449FAEC}.Debug|x86.ActiveCfg = Debug|Any CPU
		{4378E6DD-2254-4050-A191-8EA0D449FAEC}.Debug|x86.Build.0 = Debug|Any CPU
		{4378E6DD-2254-4050-A191-8EA0D449FAEC}.Release|Any CPU.ActiveCfg = Release|Any CPU
		{4378E6DD-2254-4050-A191-8EA0D449FAEC}.Release|Any CPU.Build.0 = Release|Any CPU
		{4378E6DD-2254-4050-A191-8EA0D449FAEC}.Release|x64.ActiveCfg = Release|Any CPU
		{4378E6DD-2254-4050-A191-8EA0D449FAEC}.Release|x64.Build.0 = Release|Any CPU
		{4378E6DD-2254-4050-A191-8EA0D449FAEC}.Release|x86.ActiveCfg = Release|Any CPU
		{4378E6DD-2254-4050-A191-8EA0D449FAEC}.Release|x86.Build.0 = Release|Any CPU
	EndGlobalSection
	GlobalSection(SolutionProperties) = preSolution
		HideSolutionNode = FALSE
	EndGlobalSection
	GlobalSection(NestedProjects) = preSolution
		{A3FE38ED-05B3-41D4-BAF5-F0618B984637} = {827E0CD3-B72D-47B6-A68D-7590B98EB39B}
		{C319841B-C021-4519-BFDD-563B20E4C236} = {827E0CD3-B72D-47B6-A68D-7590B98EB39B}
		{37F632C0-165F-414A-A8E2-C044F4688061} = {827E0CD3-B72D-47B6-A68D-7590B98EB39B}
		{4378E6DD-2254-4050-A191-8EA0D449FAEC} = {827E0CD3-B72D-47B6-A68D-7590B98EB39B}
	EndGlobalSection
EndGlobal
